
Microsoft Visual Studio Solution File, Format Version 12.00
# Visual Studio Version 17
VisualStudioVersion = 17.0.31903.59
MinimumVisualStudioVersion = 10.0.40219.1
Project("{FAE04EC0-301F-11D3-BF4B-00C04F79EFBC}") = "comment.Domain", "comment.Domain\comment.Domain.csproj", "{A9BF12F3-3516-4427-9F4D-83AA18B3657B}"
EndProject
Project("{FAE04EC0-301F-11D3-BF4B-00C04F79EFBC}") = "comment.Application", "comment.Application\comment.Application.csproj", "{1C19A38B-ECBA-4935-8EF1-ACFE0037F655}"
EndProject
Project("{FAE04EC0-301F-11D3-BF4B-00C04F79EFBC}") = "comment.Infrastructure", "comment.Infrastructure\comment.Infrastructure.csproj", "{C9C2C3EC-FECD-4B8C-9FDD-CF7269799E68}"
EndProject
Project("{FAE04EC0-301F-11D3-BF4B-00C04F79EFBC}") = "comment.API", "comment.API\comment.API.csproj", "{426218A1-D54C-45F0-A748-4DBF4A9C69B8}"
EndProject
Global
	GlobalSection(SolutionConfigurationPlatforms) = preSolution
		Debug|Any CPU = Debug|Any CPU
		Release|Any CPU = Release|Any CPU
	EndGlobalSection
	GlobalSection(SolutionProperties) = preSolution
		HideSolutionNode = FALSE
	EndGlobalSection
	GlobalSection(ProjectConfigurationPlatforms) = postSolution
		{A9BF12F3-3516-4427-9F4D-83AA18B3657B}.Debug|Any CPU.ActiveCfg = Debug|Any CPU
		{A9BF12F3-3516-4427-9F4D-83AA18B3657B}.Debug|Any CPU.Build.0 = Debug|Any CPU
		{A9BF12F3-3516-4427-9F4D-83AA18B3657B}.Release|Any CPU.ActiveCfg = Release|Any CPU
		{A9BF12F3-3516-4427-9F4D-83AA18B3657B}.Release|Any CPU.Build.0 = Release|Any CPU
		{1C19A38B-ECBA-4935-8EF1-ACFE0037F655}.Debug|Any CPU.ActiveCfg = Debug|Any CPU
		{1C19A38B-ECBA-4935-8EF1-ACFE0037F655}.Debug|Any CPU.Build.0 = Debug|Any CPU
		{1C19A38B-ECBA-4935-8EF1-ACFE0037F655}.Release|Any CPU.ActiveCfg = Release|Any CPU
		{1C19A38B-ECBA-4935-8EF1-ACFE0037F655}.Release|Any CPU.Build.0 = Release|Any CPU
		{C9C2C3EC-FECD-4B8C-9FDD-CF7269799E68}.Debug|Any CPU.ActiveCfg = Debug|Any CPU
		{C9C2C3EC-FECD-4B8C-9FDD-CF7269799E68}.Debug|Any CPU.Build.0 = Debug|Any CPU
		{C9C2C3EC-FECD-4B8C-9FDD-CF7269799E68}.Release|Any CPU.ActiveCfg = Release|Any CPU
		{C9C2C3EC-FECD-4B8C-9FDD-CF7269799E68}.Release|Any CPU.Build.0 = Release|Any CPU
		{426218A1-D54C-45F0-A748-4DBF4A9C69B8}.Debug|Any CPU.ActiveCfg = Debug|Any CPU
		{426218A1-D54C-45F0-A748-4DBF4A9C69B8}.Debug|Any CPU.Build.0 = Debug|Any CPU
		{426218A1-D54C-45F0-A748-4DBF4A9C69B8}.Release|Any CPU.ActiveCfg = Release|Any CPU
		{426218A1-D54C-45F0-A748-4DBF4A9C69B8}.Release|Any CPU.Build.0 = Release|Any CPU
	EndGlobalSection
EndGlobal
